
Microsoft Visual Studio Solution File, Format Version 12.00
# Visual Studio Version 17
VisualStudioVersion = 17.0.31919.166
MinimumVisualStudioVersion = 10.0.40219.1
Project("{FAE04EC0-301F-11D3-BF4B-00C04F79EFBC}") = "OdeToFood.Web", "OdeToFood.Web\OdeToFood.Web.csproj", "{5D0146A9-1AC6-47F7-87F5-ABBE0293BE5E}"
EndProject
Project("{FAE04EC0-301F-11D3-BF4B-00C04F79EFBC}") = "OdeToFood.Data", "OdeToFood.Data\OdeToFood.Data.csproj", "{7F347C85-7C34-4800-AD02-3534C0C54234}"
EndProject
Global
	GlobalSection(SolutionConfigurationPlatforms) = preSolution
		Debug|Any CPU = Debug|Any CPU
		Release|Any CPU = Release|Any CPU
	EndGlobalSection
	GlobalSection(ProjectConfigurationPlatforms) = postSolution
		{5D0146A9-1AC6-47F7-87F5-ABBE0293BE5E}.Debug|Any CPU.ActiveCfg = Debug|Any CPU
		{5D0146A9-1AC6-47F7-87F5-ABBE0293BE5E}.Debug|Any CPU.Build.0 = Debug|Any CPU
		{5D0146A9-1AC6-47F7-87F5-ABBE0293BE5E}.Release|Any CPU.ActiveCfg = Release|Any CPU
		{5D0146A9-1AC6-47F7-87F5-ABBE0293BE5E}.Release|Any CPU.Build.0 = Release|Any CPU
		{7F347C85-7C34-4800-AD02-3534C0C54234}.Debug|Any CPU.ActiveCfg = Debug|Any CPU
		{7F347C85-7C34-4800-AD02-3534C0C54234}.Debug|Any CPU.Build.0 = Debug|Any CPU
		{7F347C85-7C34-4800-AD02-3534C0C54234}.Release|Any CPU.ActiveCfg = Release|Any CPU
		{7F347C85-7C34-4800-AD02-3534C0C54234}.Release|Any CPU.Build.0 = Release|Any CPU
	EndGlobalSection
	GlobalSection(SolutionProperties) = preSolution
		HideSolutionNode = FALSE
	EndGlobalSection
	GlobalSection(ExtensibilityGlobals) = postSolution
		SolutionGuid = {FEB4CEB4-187A-4EDC-9B52-5B3DEE757CA7}
	EndGlobalSection
EndGlobal
